
Microsoft Visual Studio Solution File, Format Version 11.00
# Visual Studio 2010
Project("{FAE04EC0-301F-11D3-BF4B-00C04F79EFBC}") = "Assembly-CSharp", "Assembly-CSharp.csproj", "{AC7A3C87-43FB-21ED-6212-568715D9D681}"
EndProject
Project("{FAE04EC0-301F-11D3-BF4B-00C04F79EFBC}") = "Assembly-CSharp-Editor", "Assembly-CSharp-Editor.csproj", "{163C3191-DF30-B108-F81E-85662DDB50B7}"
EndProject
Global
	GlobalSection(SolutionConfigurationPlatforms) = preSolution
		Debug|Any CPU = Debug|Any CPU
		Release|Any CPU = Release|Any CPU
	EndGlobalSection
	GlobalSection(ProjectConfigurationPlatforms) = postSolution
		{AC7A3C87-43FB-21ED-6212-568715D9D681}.Debug|Any CPU.ActiveCfg = Debug|Any CPU
		{AC7A3C87-43FB-21ED-6212-568715D9D681}.Debug|Any CPU.Build.0 = Debug|Any CPU
		{AC7A3C87-43FB-21ED-6212-568715D9D681}.Release|Any CPU.ActiveCfg = Release|Any CPU
		{AC7A3C87-43FB-21ED-6212-568715D9D681}.Release|Any CPU.Build.0 = Release|Any CPU
		{163C3191-DF30-B108-F81E-85662DDB50B7}.Debug|Any CPU.ActiveCfg = Debug|Any CPU
		{163C3191-DF30-B108-F81E-85662DDB50B7}.Debug|Any CPU.Build.0 = Debug|Any CPU
		{163C3191-DF30-B108-F81E-85662DDB50B7}.Release|Any CPU.ActiveCfg = Release|Any CPU
		{163C3191-DF30-B108-F81E-85662DDB50B7}.Release|Any CPU.Build.0 = Release|Any CPU
	EndGlobalSection
	GlobalSection(SolutionProperties) = preSolution
		HideSolutionNode = FALSE
	EndGlobalSection
	GlobalSection(MonoDevelopProperties) = preSolution
		StartupItem = Assembly-CSharp.csproj
	EndGlobalSection
EndGlobal
